
Microsoft Visual Studio Solution File, Format Version 11.00
# Visual Studio 2010
Project("{8BC9CEB8-8B4A-11D0-8D11-00A0C91BC942}") = "Xtro.MDX", "Libraries\Xtro.MDX\Xtro.MDX.vcxproj", "{044D1601-01D1-46D9-BDE9-E610AF329F8B}"
EndProject
Project("{2150E333-8FDC-42A3-9474-1A3956D46DE8}") = "Libraries", "Libraries", "{1B0858C6-0196-4DC5-9277-17A115DDE712}"
EndProject
Project("{FAE04EC0-301F-11D3-BF4B-00C04F79EFBC}") = "Xtro.MDX.Utilities", "Libraries\Xtro.MDX.Utilities\Xtro.MDX.Utilities.csproj", "{D49BC09E-B4F5-4DA8-89D9-0EA51B4D2ED0}"
EndProject
Project("{2150E333-8FDC-42A3-9474-1A3956D46DE8}") = "Applications", "Applications", "{838371A3-D5E3-41BB-A215-E312EECE37B6}"
EndProject
Project("{FAE04EC0-301F-11D3-BF4B-00C04F79EFBC}") = "TestMDX", "Applications\TestMDX\TestMDX.csproj", "{F72DB4A7-A57F-4B69-BA49-FE635FCD99E5}"
EndProject
Project("{2150E333-8FDC-42A3-9474-1A3956D46DE8}") = "Notes", "Notes", "{C09A9DD2-D511-4982-92B4-03D0EE69A7CB}"
	ProjectSection(SolutionItems) = preProject
		Notes\_ReadMe.txt = Notes\_ReadMe.txt
		Notes\Ezberlendi.txt = Notes\Ezberlendi.txt
		Notes\Hatırlatma.txt = Notes\Hatırlatma.txt
		Notes\Yapılacaklar.txt = Notes\Yapılacaklar.txt
	EndProjectSection
EndProject
Project("{2150E333-8FDC-42A3-9474-1A3956D46DE8}") = "Samples", "Samples", "{ED1FEC18-D7E0-4495-B5F2-0477F23ACE3D}"
EndProject
Project("{2150E333-8FDC-42A3-9474-1A3956D46DE8}") = "Tutorials", "Tutorials", "{3ED268FE-5B9C-48FC-9BC4-EEE74D332934}"
EndProject
Project("{2150E333-8FDC-42A3-9474-1A3956D46DE8}") = "Direct3D10", "Direct3D10", "{313C9716-B43C-4374-BE57-814CA8368A4A}"
EndProject
Project("{FAE04EC0-301F-11D3-BF4B-00C04F79EFBC}") = "Tutorial00", "Tutorials\Direct3D10\Tutorial00\Tutorial00.csproj", "{73542E59-1249-494F-A68A-157D0ADF0D3A}"
EndProject
Project("{FAE04EC0-301F-11D3-BF4B-00C04F79EFBC}") = "Tutorial01", "Tutorials\Direct3D10\Tutorial01\Tutorial01.csproj", "{9C267985-F83C-4030-8218-ECC15F3DAE2F}"
EndProject
Project("{FAE04EC0-301F-11D3-BF4B-00C04F79EFBC}") = "Tutorial02", "Tutorials\Direct3D10\Tutorial02\Tutorial02.csproj", "{7477138B-D43F-489B-901E-C4A590E320F9}"
EndProject
Project("{FAE04EC0-301F-11D3-BF4B-00C04F79EFBC}") = "Tutorial03", "Tutorials\Direct3D10\Tutorial03\Tutorial03.csproj", "{E4084645-3C9B-40AF-9FD2-3100A551D5BC}"
EndProject
Project("{FAE04EC0-301F-11D3-BF4B-00C04F79EFBC}") = "Tutorial04", "Tutorials\Direct3D10\Tutorial04\Tutorial04.csproj", "{9A225C50-623E-489F-AA52-B4E7743DE2E5}"
EndProject
Project("{FAE04EC0-301F-11D3-BF4B-00C04F79EFBC}") = "Tutorial05", "Tutorials\Direct3D10\Tutorial05\Tutorial05.csproj", "{E8B1796A-E5E8-493C-BBC4-48FC9EB3D04D}"
EndProject
Project("{FAE04EC0-301F-11D3-BF4B-00C04F79EFBC}") = "Tutorial06", "Tutorials\Direct3D10\Tutorial06\Tutorial06.csproj", "{1F13C080-6A81-4F10-9688-526B3C43929F}"
EndProject
Project("{FAE04EC0-301F-11D3-BF4B-00C04F79EFBC}") = "Tutorial07", "Tutorials\Direct3D10\Tutorial07\Tutorial07.csproj", "{FB036ECE-36CD-4083-97D6-9CE72D881A2B}"
EndProject
Project("{FAE04EC0-301F-11D3-BF4B-00C04F79EFBC}") = "Tutorial08", "Tutorials\Direct3D10\Tutorial08\Tutorial08.csproj", "{1C6F1A3B-0E9D-4D5B-BF6B-E8305DF1AF53}"
EndProject
Project("{FAE04EC0-301F-11D3-BF4B-00C04F79EFBC}") = "Tutorial09", "Tutorials\Direct3D10\Tutorial09\Tutorial09.csproj", "{8B6F4B42-0071-4458-9B2D-323C37A65BFC}"
EndProject
Project("{FAE04EC0-301F-11D3-BF4B-00C04F79EFBC}") = "Tutorial10", "Tutorials\Direct3D10\Tutorial10\Tutorial10.csproj", "{0EE401DD-6039-4B3F-BBAB-847830F961AB}"
EndProject
Project("{FAE04EC0-301F-11D3-BF4B-00C04F79EFBC}") = "Tutorial11", "Tutorials\Direct3D10\Tutorial11\Tutorial11.csproj", "{5435EFB0-D10E-441B-9AF2-DADE44369C50}"
EndProject
Project("{FAE04EC0-301F-11D3-BF4B-00C04F79EFBC}") = "Tutorial12", "Tutorials\Direct3D10\Tutorial12\Tutorial12.csproj", "{46035401-0199-47DF-A901-0F3FF77C8E8E}"
EndProject
Project("{FAE04EC0-301F-11D3-BF4B-00C04F79EFBC}") = "Tutorial13", "Tutorials\Direct3D10\Tutorial13\Tutorial13.csproj", "{D8028B32-699D-45E4-9CD8-FD5B10F9D548}"
EndProject
Global
	GlobalSection(SolutionConfigurationPlatforms) = preSolution
		Debug|Any CPU = Debug|Any CPU
		Debug|x64 = Debug|x64
		Debug|x86 = Debug|x86
		Release|Any CPU = Release|Any CPU
		Release|x64 = Release|x64
		Release|x86 = Release|x86
	EndGlobalSection
	GlobalSection(ProjectConfigurationPlatforms) = postSolution
		{044D1601-01D1-46D9-BDE9-E610AF329F8B}.Debug|Any CPU.ActiveCfg = Debug|x64
		{044D1601-01D1-46D9-BDE9-E610AF329F8B}.Debug|x64.ActiveCfg = Debug|x64
		{044D1601-01D1-46D9-BDE9-E610AF329F8B}.Debug|x64.Build.0 = Debug|x64
		{044D1601-01D1-46D9-BDE9-E610AF329F8B}.Debug|x86.ActiveCfg = Debug|Win32
		{044D1601-01D1-46D9-BDE9-E610AF329F8B}.Debug|x86.Build.0 = Debug|Win32
		{044D1601-01D1-46D9-BDE9-E610AF329F8B}.Release|Any CPU.ActiveCfg = Release|x64
		{044D1601-01D1-46D9-BDE9-E610AF329F8B}.Release|x64.ActiveCfg = Release|x64
		{044D1601-01D1-46D9-BDE9-E610AF329F8B}.Release|x64.Build.0 = Release|x64
		{044D1601-01D1-46D9-BDE9-E610AF329F8B}.Release|x86.ActiveCfg = Release|Win32
		{044D1601-01D1-46D9-BDE9-E610AF329F8B}.Release|x86.Build.0 = Release|Win32
		{D49BC09E-B4F5-4DA8-89D9-0EA51B4D2ED0}.Debug|Any CPU.ActiveCfg = Debug|Any CPU
		{D49BC09E-B4F5-4DA8-89D9-0EA51B4D2ED0}.Debug|Any CPU.Build.0 = Debug|Any CPU
		{D49BC09E-B4F5-4DA8-89D9-0EA51B4D2ED0}.Debug|x64.ActiveCfg = Debug|x64
		{D49BC09E-B4F5-4DA8-89D9-0EA51B4D2ED0}.Debug|x64.Build.0 = Debug|x64
		{D49BC09E-B4F5-4DA8-89D9-0EA51B4D2ED0}.Debug|x86.ActiveCfg = Debug|x86
		{D49BC09E-B4F5-4DA8-89D9-0EA51B4D2ED0}.Debug|x86.Build.0 = Debug|x86
		{D49BC09E-B4F5-4DA8-89D9-0EA51B4D2ED0}.Release|Any CPU.ActiveCfg = Release|Any CPU
		{D49BC09E-B4F5-4DA8-89D9-0EA51B4D2ED0}.Release|Any CPU.Build.0 = Release|Any CPU
		{D49BC09E-B4F5-4DA8-89D9-0EA51B4D2ED0}.Release|x64.ActiveCfg = Release|x64
		{D49BC09E-B4F5-4DA8-89D9-0EA51B4D2ED0}.Release|x64.Build.0 = Release|x64
		{D49BC09E-B4F5-4DA8-89D9-0EA51B4D2ED0}.Release|x86.ActiveCfg = Release|x86
		{D49BC09E-B4F5-4DA8-89D9-0EA51B4D2ED0}.Release|x86.Build.0 = Release|x86
		{F72DB4A7-A57F-4B69-BA49-FE635FCD99E5}.Debug|Any CPU.ActiveCfg = Debug|Any CPU
		{F72DB4A7-A57F-4B69-BA49-FE635FCD99E5}.Debug|Any CPU.Build.0 = Debug|Any CPU
		{F72DB4A7-A57F-4B69-BA49-FE635FCD99E5}.Debug|x64.ActiveCfg = Debug|x64
		{F72DB4A7-A57F-4B69-BA49-FE635FCD99E5}.Debug|x64.Build.0 = Debug|x64
		{F72DB4A7-A57F-4B69-BA49-FE635FCD99E5}.Debug|x86.ActiveCfg = Debug|x86
		{F72DB4A7-A57F-4B69-BA49-FE635FCD99E5}.Debug|x86.Build.0 = Debug|x86
		{F72DB4A7-A57F-4B69-BA49-FE635FCD99E5}.Release|Any CPU.ActiveCfg = Release|Any CPU
		{F72DB4A7-A57F-4B69-BA49-FE635FCD99E5}.Release|Any CPU.Build.0 = Release|Any CPU
		{F72DB4A7-A57F-4B69-BA49-FE635FCD99E5}.Release|x64.ActiveCfg = Release|x64
		{F72DB4A7-A57F-4B69-BA49-FE635FCD99E5}.Release|x64.Build.0 = Release|x64
		{F72DB4A7-A57F-4B69-BA49-FE635FCD99E5}.Release|x86.ActiveCfg = Release|x86
		{F72DB4A7-A57F-4B69-BA49-FE635FCD99E5}.Release|x86.Build.0 = Release|x86
		{73542E59-1249-494F-A68A-157D0ADF0D3A}.Debug|Any CPU.ActiveCfg = Debug|Any CPU
		{73542E59-1249-494F-A68A-157D0ADF0D3A}.Debug|Any CPU.Build.0 = Debug|Any CPU
		{73542E59-1249-494F-A68A-157D0ADF0D3A}.Debug|x64.ActiveCfg = Debug|x64
		{73542E59-1249-494F-A68A-157D0ADF0D3A}.Debug|x64.Build.0 = Debug|x64
		{73542E59-1249-494F-A68A-157D0ADF0D3A}.Debug|x86.ActiveCfg = Debug|x86
		{73542E59-1249-494F-A68A-157D0ADF0D3A}.Debug|x86.Build.0 = Debug|x86
		{73542E59-1249-494F-A68A-157D0ADF0D3A}.Release|Any CPU.ActiveCfg = Release|Any CPU
		{73542E59-1249-494F-A68A-157D0ADF0D3A}.Release|Any CPU.Build.0 = Release|Any CPU
		{73542E59-1249-494F-A68A-157D0ADF0D3A}.Release|x64.ActiveCfg = Release|x64
		{73542E59-1249-494F-A68A-157D0ADF0D3A}.Release|x64.Build.0 = Release|x64
		{73542E59-1249-494F-A68A-157D0ADF0D3A}.Release|x86.ActiveCfg = Release|x86
		{73542E59-1249-494F-A68A-157D0ADF0D3A}.Release|x86.Build.0 = Release|x86
		{9C267985-F83C-4030-8218-ECC15F3DAE2F}.Debug|Any CPU.ActiveCfg = Debug|Any CPU
		{9C267985-F83C-4030-8218-ECC15F3DAE2F}.Debug|Any CPU.Build.0 = Debug|Any CPU
		{9C267985-F83C-4030-8218-ECC15F3DAE2F}.Debug|x64.ActiveCfg = Debug|x64
		{9C267985-F83C-4030-8218-ECC15F3DAE2F}.Debug|x64.Build.0 = Debug|x64
		{9C267985-F83C-4030-8218-ECC15F3DAE2F}.Debug|x86.ActiveCfg = Debug|x86
		{9C267985-F83C-4030-8218-ECC15F3DAE2F}.Debug|x86.Build.0 = Debug|x86
		{9C267985-F83C-4030-8218-ECC15F3DAE2F}.Release|Any CPU.ActiveCfg = Release|Any CPU
		{9C267985-F83C-4030-8218-ECC15F3DAE2F}.Release|Any CPU.Build.0 = Release|Any CPU
		{9C267985-F83C-4030-8218-ECC15F3DAE2F}.Release|x64.ActiveCfg = Release|x64
		{9C267985-F83C-4030-8218-ECC15F3DAE2F}.Release|x64.Build.0 = Release|x64
		{9C267985-F83C-4030-8218-ECC15F3DAE2F}.Release|x86.ActiveCfg = Release|x86
		{9C267985-F83C-4030-8218-ECC15F3DAE2F}.Release|x86.Build.0 = Release|x86
		{7477138B-D43F-489B-901E-C4A590E320F9}.Debug|Any CPU.ActiveCfg = Debug|Any CPU
		{7477138B-D43F-489B-901E-C4A590E320F9}.Debug|Any CPU.Build.0 = Debug|Any CPU
		{7477138B-D43F-489B-901E-C4A590E320F9}.Debug|x64.ActiveCfg = Debug|x64
		{7477138B-D43F-489B-901E-C4A590E320F9}.Debug|x64.Build.0 = Debug|x64
		{7477138B-D43F-489B-901E-C4A590E320F9}.Debug|x86.ActiveCfg = Debug|x86
		{7477138B-D43F-489B-901E-C4A590E320F9}.Debug|x86.Build.0 = Debug|x86
		{7477138B-D43F-489B-901E-C4A590E320F9}.Release|Any CPU.ActiveCfg = Release|Any CPU
		{7477138B-D43F-489B-901E-C4A590E320F9}.Release|Any CPU.Build.0 = Release|Any CPU
		{7477138B-D43F-489B-901E-C4A590E320F9}.Release|x64.ActiveCfg = Release|x64
		{7477138B-D43F-489B-901E-C4A590E320F9}.Release|x64.Build.0 = Release|x64
		{7477138B-D43F-489B-901E-C4A590E320F9}.Release|x86.ActiveCfg = Release|x86
		{7477138B-D43F-489B-901E-C4A590E320F9}.Release|x86.Build.0 = Release|x86
		{E4084645-3C9B-40AF-9FD2-3100A551D5BC}.Debug|Any CPU.ActiveCfg = Debug|Any CPU
		{E4084645-3C9B-40AF-9FD2-3100A551D5BC}.Debug|Any CPU.Build.0 = Debug|Any CPU
		{E4084645-3C9B-40AF-9FD2-3100A551D5BC}.Debug|x64.ActiveCfg = Debug|x64
		{E4084645-3C9B-40AF-9FD2-3100A551D5BC}.Debug|x64.Build.0 = Debug|x64
		{E4084645-3C9B-40AF-9FD2-3100A551D5BC}.Debug|x86.ActiveCfg = Debug|x86
		{E4084645-3C9B-40AF-9FD2-3100A551D5BC}.Debug|x86.Build.0 = Debug|x86
		{E4084645-3C9B-40AF-9FD2-3100A551D5BC}.Release|Any CPU.ActiveCfg = Release|Any CPU
		{E4084645-3C9B-40AF-9FD2-3100A551D5BC}.Release|Any CPU.Build.0 = Release|Any CPU
		{E4084645-3C9B-40AF-9FD2-3100A551D5BC}.Release|x64.ActiveCfg = Release|x64
		{E4084645-3C9B-40AF-9FD2-3100A551D5BC}.Release|x64.Build.0 = Release|x64
		{E4084645-3C9B-40AF-9FD2-3100A551D5BC}.Release|x86.ActiveCfg = Release|x86
		{E4084645-3C9B-40AF-9FD2-3100A551D5BC}.Release|x86.Build.0 = Release|x86
		{9A225C50-623E-489F-AA52-B4E7743DE2E5}.Debug|Any CPU.ActiveCfg = Debug|Any CPU
		{9A225C50-623E-489F-AA52-B4E7743DE2E5}.Debug|Any CPU.Build.0 = Debug|Any CPU
		{9A225C50-623E-489F-AA52-B4E7743DE2E5}.Debug|x64.ActiveCfg = Debug|x64
		{9A225C50-623E-489F-AA52-B4E7743DE2E5}.Debug|x64.Build.0 = Debug|x64
		{9A225C50-623E-489F-AA52-B4E7743DE2E5}.Debug|x86.ActiveCfg = Debug|x86
		{9A225C50-623E-489F-AA52-B4E7743DE2E5}.Debug|x86.Build.0 = Debug|x86
		{9A225C50-623E-489F-AA52-B4E7743DE2E5}.Release|Any CPU.ActiveCfg = Release|Any CPU
		{9A225C50-623E-489F-AA52-B4E7743DE2E5}.Release|Any CPU.Build.0 = Release|Any CPU
		{9A225C50-623E-489F-AA52-B4E7743DE2E5}.Release|x64.ActiveCfg = Release|x64
		{9A225C50-623E-489F-AA52-B4E7743DE2E5}.Release|x64.Build.0 = Release|x64
		{9A225C50-623E-489F-AA52-B4E7743DE2E5}.Release|x86.ActiveCfg = Release|x86
		{9A225C50-623E-489F-AA52-B4E7743DE2E5}.Release|x86.Build.0 = Release|x86
		{E8B1796A-E5E8-493C-BBC4-48FC9EB3D04D}.Debug|Any CPU.ActiveCfg = Debug|Any CPU
		{E8B1796A-E5E8-493C-BBC4-48FC9EB3D04D}.Debug|Any CPU.Build.0 = Debug|Any CPU
		{E8B1796A-E5E8-493C-BBC4-48FC9EB3D04D}.Debug|x64.ActiveCfg = Debug|x64
		{E8B1796A-E5E8-493C-BBC4-48FC9EB3D04D}.Debug|x64.Build.0 = Debug|x64
		{E8B1796A-E5E8-493C-BBC4-48FC9EB3D04D}.Debug|x86.ActiveCfg = Debug|x86
		{E8B1796A-E5E8-493C-BBC4-48FC9EB3D04D}.Debug|x86.Build.0 = Debug|x86
		{E8B1796A-E5E8-493C-BBC4-48FC9EB3D04D}.Release|Any CPU.ActiveCfg = Release|Any CPU
		{E8B1796A-E5E8-493C-BBC4-48FC9EB3D04D}.Release|Any CPU.Build.0 = Release|Any CPU
		{E8B1796A-E5E8-493C-BBC4-48FC9EB3D04D}.Release|x64.ActiveCfg = Release|x64
		{E8B1796A-E5E8-493C-BBC4-48FC9EB3D04D}.Release|x64.Build.0 = Release|x64
		{E8B1796A-E5E8-493C-BBC4-48FC9EB3D04D}.Release|x86.ActiveCfg = Release|x86
		{E8B1796A-E5E8-493C-BBC4-48FC9EB3D04D}.Release|x86.Build.0 = Release|x86
		{1F13C080-6A81-4F10-9688-526B3C43929F}.Debug|Any CPU.ActiveCfg = Debug|Any CPU
		{1F13C080-6A81-4F10-9688-526B3C43929F}.Debug|Any CPU.Build.0 = Debug|Any CPU
		{1F13C080-6A81-4F10-9688-526B3C43929F}.Debug|x64.ActiveCfg = Debug|x64
		{1F13C080-6A81-4F10-9688-526B3C43929F}.Debug|x64.Build.0 = Debug|x64
		{1F13C080-6A81-4F10-9688-526B3C43929F}.Debug|x86.ActiveCfg = Debug|x86
		{1F13C080-6A81-4F10-9688-526B3C43929F}.Debug|x86.Build.0 = Debug|x86
		{1F13C080-6A81-4F10-9688-526B3C43929F}.Release|Any CPU.ActiveCfg = Release|Any CPU
		{1F13C080-6A81-4F10-9688-526B3C43929F}.Release|Any CPU.Build.0 = Release|Any CPU
		{1F13C080-6A81-4F10-9688-526B3C43929F}.Release|x64.ActiveCfg = Release|x64
		{1F13C080-6A81-4F10-9688-526B3C43929F}.Release|x64.Build.0 = Release|x64
		{1F13C080-6A81-4F10-9688-526B3C43929F}.Release|x86.ActiveCfg = Release|x86
		{1F13C080-6A81-4F10-9688-526B3C43929F}.Release|x86.Build.0 = Release|x86
		{FB036ECE-36CD-4083-97D6-9CE72D881A2B}.Debug|Any CPU.ActiveCfg = Debug|Any CPU
		{FB036ECE-36CD-4083-97D6-9CE72D881A2B}.Debug|Any CPU.Build.0 = Debug|Any CPU
		{FB036ECE-36CD-4083-97D6-9CE72D881A2B}.Debug|x64.ActiveCfg = Debug|x64
		{FB036ECE-36CD-4083-97D6-9CE72D881A2B}.Debug|x64.Build.0 = Debug|x64
		{FB036ECE-36CD-4083-97D6-9CE72D881A2B}.Debug|x86.ActiveCfg = Debug|x86
		{FB036ECE-36CD-4083-97D6-9CE72D881A2B}.Debug|x86.Build.0 = Debug|x86
		{FB036ECE-36CD-4083-97D6-9CE72D881A2B}.Release|Any CPU.ActiveCfg = Release|Any CPU
		{FB036ECE-36CD-4083-97D6-9CE72D881A2B}.Release|Any CPU.Build.0 = Release|Any CPU
		{FB036ECE-36CD-4083-97D6-9CE72D881A2B}.Release|x64.ActiveCfg = Release|x64
		{FB036ECE-36CD-4083-97D6-9CE72D881A2B}.Release|x64.Build.0 = Release|x64
		{FB036ECE-36CD-4083-97D6-9CE72D881A2B}.Release|x86.ActiveCfg = Release|x86
		{FB036ECE-36CD-4083-97D6-9CE72D881A2B}.Release|x86.Build.0 = Release|x86
		{1C6F1A3B-0E9D-4D5B-BF6B-E8305DF1AF53}.Debug|Any CPU.ActiveCfg = Debug|Any CPU
		{1C6F1A3B-0E9D-4D5B-BF6B-E8305DF1AF53}.Debug|Any CPU.Build.0 = Debug|Any CPU
		{1C6F1A3B-0E9D-4D5B-BF6B-E8305DF1AF53}.Debug|x64.ActiveCfg = Debug|x64
		{1C6F1A3B-0E9D-4D5B-BF6B-E8305DF1AF53}.Debug|x64.Build.0 = Debug|x64
		{1C6F1A3B-0E9D-4D5B-BF6B-E8305DF1AF53}.Debug|x86.ActiveCfg = Debug|x86
		{1C6F1A3B-0E9D-4D5B-BF6B-E8305DF1AF53}.Debug|x86.Build.0 = Debug|x86
		{1C6F1A3B-0E9D-4D5B-BF6B-E8305DF1AF53}.Release|Any CPU.ActiveCfg = Release|Any CPU
		{1C6F1A3B-0E9D-4D5B-BF6B-E8305DF1AF53}.Release|Any CPU.Build.0 = Release|Any CPU
		{1C6F1A3B-0E9D-4D5B-BF6B-E8305DF1AF53}.Release|x64.ActiveCfg = Release|x64
		{1C6F1A3B-0E9D-4D5B-BF6B-E8305DF1AF53}.Release|x64.Build.0 = Release|x64
		{1C6F1A3B-0E9D-4D5B-BF6B-E8305DF1AF53}.Release|x86.ActiveCfg = Release|x86
		{1C6F1A3B-0E9D-4D5B-BF6B-E8305DF1AF53}.Release|x86.Build.0 = Release|x86
		{8B6F4B42-0071-4458-9B2D-323C37A65BFC}.Debug|Any CPU.ActiveCfg = Debug|Any CPU
		{8B6F4B42-0071-4458-9B2D-323C37A65BFC}.Debug|Any CPU.Build.0 = Debug|Any CPU
		{8B6F4B42-0071-4458-9B2D-323C37A65BFC}.Debug|x64.ActiveCfg = Debug|x64
		{8B6F4B42-0071-4458-9B2D-323C37A65BFC}.Debug|x64.Build.0 = Debug|x64
		{8B6F4B42-0071-4458-9B2D-323C37A65BFC}.Debug|x86.ActiveCfg = Debug|x86
		{8B6F4B42-0071-4458-9B2D-323C37A65BFC}.Debug|x86.Build.0 = Debug|x86
		{8B6F4B42-0071-4458-9B2D-323C37A65BFC}.Release|Any CPU.ActiveCfg = Release|Any CPU
		{8B6F4B42-0071-4458-9B2D-323C37A65BFC}.Release|Any CPU.Build.0 = Release|Any CPU
		{8B6F4B42-0071-4458-9B2D-323C37A65BFC}.Release|x64.ActiveCfg = Release|x64
		{8B6F4B42-0071-4458-9B2D-323C37A65BFC}.Release|x64.Build.0 = Release|x64
		{8B6F4B42-0071-4458-9B2D-323C37A65BFC}.Release|x86.ActiveCfg = Release|x86
		{8B6F4B42-0071-4458-9B2D-323C37A65BFC}.Release|x86.Build.0 = Release|x86
		{0EE401DD-6039-4B3F-BBAB-847830F961AB}.Debug|Any CPU.ActiveCfg = Debug|Any CPU
		{0EE401DD-6039-4B3F-BBAB-847830F961AB}.Debug|Any CPU.Build.0 = Debug|Any CPU
		{0EE401DD-6039-4B3F-BBAB-847830F961AB}.Debug|x64.ActiveCfg = Debug|x64
		{0EE401DD-6039-4B3F-BBAB-847830F961AB}.Debug|x64.Build.0 = Debug|x64
		{0EE401DD-6039-4B3F-BBAB-847830F961AB}.Debug|x86.ActiveCfg = Debug|x86
		{0EE401DD-6039-4B3F-BBAB-847830F961AB}.Debug|x86.Build.0 = Debug|x86
		{0EE401DD-6039-4B3F-BBAB-847830F961AB}.Release|Any CPU.ActiveCfg = Release|Any CPU
		{0EE401DD-6039-4B3F-BBAB-847830F961AB}.Release|Any CPU.Build.0 = Release|Any CPU
		{0EE401DD-6039-4B3F-BBAB-847830F961AB}.Release|x64.ActiveCfg = Release|x64
		{0EE401DD-6039-4B3F-BBAB-847830F961AB}.Release|x64.Build.0 = Release|x64
		{0EE401DD-6039-4B3F-BBAB-847830F961AB}.Release|x86.ActiveCfg = Release|x86
		{0EE401DD-6039-4B3F-BBAB-847830F961AB}.Release|x86.Build.0 = Release|x86
		{5435EFB0-D10E-441B-9AF2-DADE44369C50}.Debug|Any CPU.ActiveCfg = Debug|Any CPU
		{5435EFB0-D10E-441B-9AF2-DADE44369C50}.Debug|Any CPU.Build.0 = Debug|Any CPU
		{5435EFB0-D10E-441B-9AF2-DADE44369C50}.Debug|x64.ActiveCfg = Debug|x64
		{5435EFB0-D10E-441B-9AF2-DADE44369C50}.Debug|x64.Build.0 = Debug|x64
		{5435EFB0-D10E-441B-9AF2-DADE44369C50}.Debug|x86.ActiveCfg = Debug|x86
		{5435EFB0-D10E-441B-9AF2-DADE44369C50}.Debug|x86.Build.0 = Debug|x86
		{5435EFB0-D10E-441B-9AF2-DADE44369C50}.Release|Any CPU.ActiveCfg = Release|Any CPU
		{5435EFB0-D10E-441B-9AF2-DADE44369C50}.Release|Any CPU.Build.0 = Release|Any CPU
		{5435EFB0-D10E-441B-9AF2-DADE44369C50}.Release|x64.ActiveCfg = Release|x64
		{5435EFB0-D10E-441B-9AF2-DADE44369C50}.Release|x64.Build.0 = Release|x64
		{5435EFB0-D10E-441B-9AF2-DADE44369C50}.Release|x86.ActiveCfg = Release|x86
		{5435EFB0-D10E-441B-9AF2-DADE44369C50}.Release|x86.Build.0 = Release|x86
		{46035401-0199-47DF-A901-0F3FF77C8E8E}.Debug|Any CPU.ActiveCfg = Debug|Any CPU
		{46035401-0199-47DF-A901-0F3FF77C8E8E}.Debug|Any CPU.Build.0 = Debug|Any CPU
		{46035401-0199-47DF-A901-0F3FF77C8E8E}.Debug|x64.ActiveCfg = Debug|x64
		{46035401-0199-47DF-A901-0F3FF77C8E8E}.Debug|x64.Build.0 = Debug|x64
		{46035401-0199-47DF-A901-0F3FF77C8E8E}.Debug|x86.ActiveCfg = Debug|x86
		{46035401-0199-47DF-A901-0F3FF77C8E8E}.Debug|x86.Build.0 = Debug|x86
		{46035401-0199-47DF-A901-0F3FF77C8E8E}.Release|Any CPU.ActiveCfg = Release|Any CPU
		{46035401-0199-47DF-A901-0F3FF77C8E8E}.Release|Any CPU.Build.0 = Release|Any CPU
		{46035401-0199-47DF-A901-0F3FF77C8E8E}.Release|x64.ActiveCfg = Release|x64
		{46035401-0199-47DF-A901-0F3FF77C8E8E}.Release|x64.Build.0 = Release|x64
		{46035401-0199-47DF-A901-0F3FF77C8E8E}.Release|x86.ActiveCfg = Release|x86
		{46035401-0199-47DF-A901-0F3FF77C8E8E}.Release|x86.Build.0 = Release|x86
		{D8028B32-699D-45E4-9CD8-FD5B10F9D548}.Debug|Any CPU.ActiveCfg = Debug|Any CPU
		{D8028B32-699D-45E4-9CD8-FD5B10F9D548}.Debug|Any CPU.Build.0 = Debug|Any CPU
		{D8028B32-699D-45E4-9CD8-FD5B10F9D548}.Debug|x64.ActiveCfg = Debug|x64
		{D8028B32-699D-45E4-9CD8-FD5B10F9D548}.Debug|x64.Build.0 = Debug|x64
		{D8028B32-699D-45E4-9CD8-FD5B10F9D548}.Debug|x86.ActiveCfg = Debug|x86
		{D8028B32-699D-45E4-9CD8-FD5B10F9D548}.Debug|x86.Build.0 = Debug|x86
		{D8028B32-699D-45E4-9CD8-FD5B10F9D548}.Release|Any CPU.ActiveCfg = Release|Any CPU
		{D8028B32-699D-45E4-9CD8-FD5B10F9D548}.Release|Any CPU.Build.0 = Release|Any CPU
		{D8028B32-699D-45E4-9CD8-FD5B10F9D548}.Release|x64.ActiveCfg = Release|x64
		{D8028B32-699D-45E4-9CD8-FD5B10F9D548}.Release|x64.Build.0 = Release|x64
		{D8028B32-699D-45E4-9CD8-FD5B10F9D548}.Release|x86.ActiveCfg = Release|x86
		{D8028B32-699D-45E4-9CD8-FD5B10F9D548}.Release|x86.Build.0 = Release|x86
	EndGlobalSection
	GlobalSection(SolutionProperties) = preSolution
		HideSolutionNode = FALSE
	EndGlobalSection
	GlobalSection(NestedProjects) = preSolution
		{044D1601-01D1-46D9-BDE9-E610AF329F8B} = {1B0858C6-0196-4DC5-9277-17A115DDE712}
		{D49BC09E-B4F5-4DA8-89D9-0EA51B4D2ED0} = {1B0858C6-0196-4DC5-9277-17A115DDE712}
		{F72DB4A7-A57F-4B69-BA49-FE635FCD99E5} = {838371A3-D5E3-41BB-A215-E312EECE37B6}
		{313C9716-B43C-4374-BE57-814CA8368A4A} = {3ED268FE-5B9C-48FC-9BC4-EEE74D332934}
		{73542E59-1249-494F-A68A-157D0ADF0D3A} = {313C9716-B43C-4374-BE57-814CA8368A4A}
		{9C267985-F83C-4030-8218-ECC15F3DAE2F} = {313C9716-B43C-4374-BE57-814CA8368A4A}
		{7477138B-D43F-489B-901E-C4A590E320F9} = {313C9716-B43C-4374-BE57-814CA8368A4A}
		{E4084645-3C9B-40AF-9FD2-3100A551D5BC} = {313C9716-B43C-4374-BE57-814CA8368A4A}
		{9A225C50-623E-489F-AA52-B4E7743DE2E5} = {313C9716-B43C-4374-BE57-814CA8368A4A}
		{E8B1796A-E5E8-493C-BBC4-48FC9EB3D04D} = {313C9716-B43C-4374-BE57-814CA8368A4A}
		{1F13C080-6A81-4F10-9688-526B3C43929F} = {313C9716-B43C-4374-BE57-814CA8368A4A}
		{FB036ECE-36CD-4083-97D6-9CE72D881A2B} = {313C9716-B43C-4374-BE57-814CA8368A4A}
		{1C6F1A3B-0E9D-4D5B-BF6B-E8305DF1AF53} = {313C9716-B43C-4374-BE57-814CA8368A4A}
		{8B6F4B42-0071-4458-9B2D-323C37A65BFC} = {313C9716-B43C-4374-BE57-814CA8368A4A}
		{0EE401DD-6039-4B3F-BBAB-847830F961AB} = {313C9716-B43C-4374-BE57-814CA8368A4A}
		{5435EFB0-D10E-441B-9AF2-DADE44369C50} = {313C9716-B43C-4374-BE57-814CA8368A4A}
		{46035401-0199-47DF-A901-0F3FF77C8E8E} = {313C9716-B43C-4374-BE57-814CA8368A4A}
		{D8028B32-699D-45E4-9CD8-FD5B10F9D548} = {313C9716-B43C-4374-BE57-814CA8368A4A}
	EndGlobalSection
	GlobalSection(ExtensibilityGlobals) = postSolution
		VisualSVNWorkingCopyRoot = .
	EndGlobalSection
EndGlobal
